
Microsoft Visual Studio Solution File, Format Version 12.00
# Visual Studio 15
VisualStudioVersion = 15.0.27004.2010
MinimumVisualStudioVersion = 10.0.40219.1
Project("{FAE04EC0-301F-11D3-BF4B-00C04F79EFBC}") = "People.API", "People.API\People.API.csproj", "{1D68B56C-4449-4F19-9F7D-C2ECD39DA87B}"
EndProject
Project("{FAE04EC0-301F-11D3-BF4B-00C04F79EFBC}") = "People.Client", "People.Client\People.Client.csproj", "{0B039A79-034E-41E4-8A27-B85C52140D4B}"
EndProject
Global
	GlobalSection(SolutionConfigurationPlatforms) = preSolution
		Debug|Any CPU = Debug|Any CPU
		Release|Any CPU = Release|Any CPU
	EndGlobalSection
	GlobalSection(ProjectConfigurationPlatforms) = postSolution
		{1D68B56C-4449-4F19-9F7D-C2ECD39DA87B}.Debug|Any CPU.ActiveCfg = Debug|Any CPU
		{1D68B56C-4449-4F19-9F7D-C2ECD39DA87B}.Debug|Any CPU.Build.0 = Debug|Any CPU
		{1D68B56C-4449-4F19-9F7D-C2ECD39DA87B}.Release|Any CPU.ActiveCfg = Release|Any CPU
		{1D68B56C-4449-4F19-9F7D-C2ECD39DA87B}.Release|Any CPU.Build.0 = Release|Any CPU
		{0B039A79-034E-41E4-8A27-B85C52140D4B}.Debug|Any CPU.ActiveCfg = Debug|Any CPU
		{0B039A79-034E-41E4-8A27-B85C52140D4B}.Debug|Any CPU.Build.0 = Debug|Any CPU
		{0B039A79-034E-41E4-8A27-B85C52140D4B}.Release|Any CPU.ActiveCfg = Release|Any CPU
		{0B039A79-034E-41E4-8A27-B85C52140D4B}.Release|Any CPU.Build.0 = Release|Any CPU
	EndGlobalSection
	GlobalSection(SolutionProperties) = preSolution
		HideSolutionNode = FALSE
	EndGlobalSection
	GlobalSection(ExtensibilityGlobals) = postSolution
		BuildVersion_UseGlobalSettings = True
		BuildVersion_StartDate = 2000/1/1
		SolutionGuid = {83E2F356-FBB9-4958-A0EC-25E32F28C51F}
	EndGlobalSection
EndGlobal
